// !$*UTF8*$!
{
	archiveVersion = 1;
	classes = {
	};
	objectVersion = 56;
	objects = {

/* Begin PBXBuildFile section */
		7AD9AABD2D2C14A50095336E /* SwiftUI_StarterPackApp.swift in Sources */ = {isa = PBXBuildFile; fileRef = 7AD9AABC2D2C14A50095336E /* SwiftUI_StarterPackApp.swift */; };
		7AD9AABF2D2C14A50095336E /* ContentView.swift in Sources */ = {isa = PBXBuildFile; fileRef = 7AD9AABE2D2C14A50095336E /* ContentView.swift */; };
		7AD9AAC12D2C14A70095336E /* Assets.xcassets in Resources */ = {isa = PBXBuildFile; fileRef = 7AD9AAC02D2C14A70095336E /* Assets.xcassets */; };
		7AD9AAC42D2C14A70095336E /* Preview Assets.xcassets in Resources */ = {isa = PBXBuildFile; fileRef = 7AD9AAC32D2C14A70095336E /* Preview Assets.xcassets */; };
		7AD9AACB2D2C16ED0095336E /* TextView.swift in Sources */ = {isa = PBXBuildFile; fileRef = 7AD9AACA2D2C16ED0095336E /* TextView.swift */; };
		7AD9AACD2D2C19F50095336E /* ShapeView.swift in Sources */ = {isa = PBXBuildFile; fileRef = 7AD9AACC2D2C19F50095336E /* ShapeView.swift */; };
		7AD9AACF2D2C27EF0095336E /* ColorView.swift in Sources */ = {isa = PBXBuildFile; fileRef = 7AD9AACE2D2C27EF0095336E /* ColorView.swift */; };
		7AD9AAD12D2C2A300095336E /* GradientView.swift in Sources */ = {isa = PBXBuildFile; fileRef = 7AD9AAD02D2C2A300095336E /* GradientView.swift */; };
		7AD9AAD32D2C2CF00095336E /* IconsView.swift in Sources */ = {isa = PBXBuildFile; fileRef = 7AD9AAD22D2C2CF00095336E /* IconsView.swift */; };
		7AD9AAD52D2C304D0095336E /* ImagesView.swift in Sources */ = {isa = PBXBuildFile; fileRef = 7AD9AAD42D2C304D0095336E /* ImagesView.swift */; };
		7AD9AAD72D2C34A50095336E /* FrameView.swift in Sources */ = {isa = PBXBuildFile; fileRef = 7AD9AAD62D2C34A50095336E /* FrameView.swift */; };
		7AD9AAD92D2C4CE30095336E /* BackGroundAndOverlayView.swift in Sources */ = {isa = PBXBuildFile; fileRef = 7AD9AAD82D2C4CE30095336E /* BackGroundAndOverlayView.swift */; };
		7AD9AADB2D2C7E050095336E /* StacksView.swift in Sources */ = {isa = PBXBuildFile; fileRef = 7AD9AADA2D2C7E050095336E /* StacksView.swift */; };
		7AD9AADD2D2C80DC0095336E /* PaddingView.swift in Sources */ = {isa = PBXBuildFile; fileRef = 7AD9AADC2D2C80DC0095336E /* PaddingView.swift */; };
		7AD9AADF2D2C8C640095336E /* SpacerView.swift in Sources */ = {isa = PBXBuildFile; fileRef = 7AD9AADE2D2C8C640095336E /* SpacerView.swift */; };
		7AD9AAE12D2C8F7E0095336E /* ScrollView.swift in Sources */ = {isa = PBXBuildFile; fileRef = 7AD9AAE02D2C8F7E0095336E /* ScrollView.swift */; };
		7AD9AAE32D2D4B710095336E /* GridView.swift in Sources */ = {isa = PBXBuildFile; fileRef = 7AD9AAE22D2D4B710095336E /* GridView.swift */; };
		7AD9AAE72D2D714B0095336E /* ButtonView.swift in Sources */ = {isa = PBXBuildFile; fileRef = 7AD9AAE62D2D714B0095336E /* ButtonView.swift */; };
		7AD9AAE92D2D78800095336E /* RefactorView.swift in Sources */ = {isa = PBXBuildFile; fileRef = 7AD9AAE82D2D78800095336E /* RefactorView.swift */; };
/* End PBXBuildFile section */

/* Begin PBXFileReference section */
		7AD9AAB92D2C14A50095336E /* SwiftUI StarterPack.app */ = {isa = PBXFileReference; explicitFileType = wrapper.application; includeInIndex = 0; path = "SwiftUI StarterPack.app"; sourceTree = BUILT_PRODUCTS_DIR; };
		7AD9AABC2D2C14A50095336E /* SwiftUI_StarterPackApp.swift */ = {isa = PBXFileReference; lastKnownFileType = sourcecode.swift; path = SwiftUI_StarterPackApp.swift; sourceTree = "<group>"; };
		7AD9AABE2D2C14A50095336E /* ContentView.swift */ = {isa = PBXFileReference; lastKnownFileType = sourcecode.swift; path = ContentView.swift; sourceTree = "<group>"; };
		7AD9AAC02D2C14A70095336E /* Assets.xcassets */ = {isa = PBXFileReference; lastKnownFileType = folder.assetcatalog; path = Assets.xcassets; sourceTree = "<group>"; };
		7AD9AAC32D2C14A70095336E /* Preview Assets.xcassets */ = {isa = PBXFileReference; lastKnownFileType = folder.assetcatalog; path = "Preview Assets.xcassets"; sourceTree = "<group>"; };
		7AD9AACA2D2C16ED0095336E /* TextView.swift */ = {isa = PBXFileReference; lastKnownFileType = sourcecode.swift; path = TextView.swift; sourceTree = "<group>"; };
		7AD9AACC2D2C19F50095336E /* ShapeView.swift */ = {isa = PBXFileReference; lastKnownFileType = sourcecode.swift; path = ShapeView.swift; sourceTree = "<group>"; };
		7AD9AACE2D2C27EF0095336E /* ColorView.swift */ = {isa = PBXFileReference; lastKnownFileType = sourcecode.swift; path = ColorView.swift; sourceTree = "<group>"; };
		7AD9AAD02D2C2A300095336E /* GradientView.swift */ = {isa = PBXFileReference; lastKnownFileType = sourcecode.swift; path = GradientView.swift; sourceTree = "<group>"; };
		7AD9AAD22D2C2CF00095336E /* IconsView.swift */ = {isa = PBXFileReference; lastKnownFileType = sourcecode.swift; path = IconsView.swift; sourceTree = "<group>"; };
		7AD9AAD42D2C304D0095336E /* ImagesView.swift */ = {isa = PBXFileReference; lastKnownFileType = sourcecode.swift; path = ImagesView.swift; sourceTree = "<group>"; };
		7AD9AAD62D2C34A50095336E /* FrameView.swift */ = {isa = PBXFileReference; lastKnownFileType = sourcecode.swift; path = FrameView.swift; sourceTree = "<group>"; };
		7AD9AAD82D2C4CE30095336E /* BackGroundAndOverlayView.swift */ = {isa = PBXFileReference; lastKnownFileType = sourcecode.swift; path = BackGroundAndOverlayView.swift; sourceTree = "<group>"; };
		7AD9AADA2D2C7E050095336E /* StacksView.swift */ = {isa = PBXFileReference; lastKnownFileType = sourcecode.swift; path = StacksView.swift; sourceTree = "<group>"; };
		7AD9AADC2D2C80DC0095336E /* PaddingView.swift */ = {isa = PBXFileReference; lastKnownFileType = sourcecode.swift; path = PaddingView.swift; sourceTree = "<group>"; };
		7AD9AADE2D2C8C640095336E /* SpacerView.swift */ = {isa = PBXFileReference; lastKnownFileType = sourcecode.swift; path = SpacerView.swift; sourceTree = "<group>"; };
		7AD9AAE02D2C8F7E0095336E /* ScrollView.swift */ = {isa = PBXFileReference; lastKnownFileType = sourcecode.swift; path = ScrollView.swift; sourceTree = "<group>"; };
		7AD9AAE22D2D4B710095336E /* GridView.swift */ = {isa = PBXFileReference; lastKnownFileType = sourcecode.swift; path = GridView.swift; sourceTree = "<group>"; };
		7AD9AAE62D2D714B0095336E /* ButtonView.swift */ = {isa = PBXFileReference; lastKnownFileType = sourcecode.swift; path = ButtonView.swift; sourceTree = "<group>"; };
		7AD9AAE82D2D78800095336E /* RefactorView.swift */ = {isa = PBXFileReference; lastKnownFileType = sourcecode.swift; path = RefactorView.swift; sourceTree = "<group>"; };
/* End PBXFileReference section */

/* Begin PBXFrameworksBuildPhase section */
		7AD9AAB62D2C14A50095336E /* Frameworks */ = {
			isa = PBXFrameworksBuildPhase;
			buildActionMask = 2147483647;
			files = (
			);
			runOnlyForDeploymentPostprocessing = 0;
		};
/* End PBXFrameworksBuildPhase section */

/* Begin PBXGroup section */
		7AD9AAB02D2C14A50095336E = {
			isa = PBXGroup;
			children = (
				7AD9AABB2D2C14A50095336E /* SwiftUI StarterPack */,
				7AD9AABA2D2C14A50095336E /* Products */,
			);
			sourceTree = "<group>";
		};
		7AD9AABA2D2C14A50095336E /* Products */ = {
			isa = PBXGroup;
			children = (
				7AD9AAB92D2C14A50095336E /* SwiftUI StarterPack.app */,
			);
			name = Products;
			sourceTree = "<group>";
		};
		7AD9AABB2D2C14A50095336E /* SwiftUI StarterPack */ = {
			isa = PBXGroup;
			children = (
				7AD9AABC2D2C14A50095336E /* SwiftUI_StarterPackApp.swift */,
				7AD9AABE2D2C14A50095336E /* ContentView.swift */,
				7AD9AACA2D2C16ED0095336E /* TextView.swift */,
				7AD9AACC2D2C19F50095336E /* ShapeView.swift */,
				7AD9AACE2D2C27EF0095336E /* ColorView.swift */,
				7AD9AAD02D2C2A300095336E /* GradientView.swift */,
				7AD9AAD22D2C2CF00095336E /* IconsView.swift */,
				7AD9AAD42D2C304D0095336E /* ImagesView.swift */,
				7AD9AAD62D2C34A50095336E /* FrameView.swift */,
				7AD9AAD82D2C4CE30095336E /* BackGroundAndOverlayView.swift */,
				7AD9AADA2D2C7E050095336E /* StacksView.swift */,
				7AD9AADC2D2C80DC0095336E /* PaddingView.swift */,
				7AD9AADE2D2C8C640095336E /* SpacerView.swift */,
				7AD9AAE02D2C8F7E0095336E /* ScrollView.swift */,
				7AD9AAC02D2C14A70095336E /* Assets.xcassets */,
				7AD9AAC22D2C14A70095336E /* Preview Content */,
				7AD9AAE22D2D4B710095336E /* GridView.swift */,
				7AD9AAE62D2D714B0095336E /* ButtonView.swift */,
				7AD9AAE82D2D78800095336E /* RefactorView.swift */,
			);
			path = "SwiftUI StarterPack";
			sourceTree = "<group>";
		};
		7AD9AAC22D2C14A70095336E /* Preview Content */ = {
			isa = PBXGroup;
			children = (
				7AD9AAC32D2C14A70095336E /* Preview Assets.xcassets */,
			);
			path = "Preview Content";
			sourceTree = "<group>";
		};
/* End PBXGroup section */

/* Begin PBXNativeTarget section */
		7AD9AAB82D2C14A50095336E /* SwiftUI StarterPack */ = {
			isa = PBXNativeTarget;
			buildConfigurationList = 7AD9AAC72D2C14A70095336E /* Build configuration list for PBXNativeTarget "SwiftUI StarterPack" */;
			buildPhases = (
				7AD9AAB52D2C14A50095336E /* Sources */,
				7AD9AAB62D2C14A50095336E /* Frameworks */,
				7AD9AAB72D2C14A50095336E /* Resources */,
			);
			buildRules = (
			);
			dependencies = (
			);
			name = "SwiftUI StarterPack";
			productName = "SwiftUI StarterPack";
			productReference = 7AD9AAB92D2C14A50095336E /* SwiftUI StarterPack.app */;
			productType = "com.apple.product-type.application";
		};
/* End PBXNativeTarget section */

/* Begin PBXProject section */
		7AD9AAB12D2C14A50095336E /* Project object */ = {
			isa = PBXProject;
			attributes = {
				BuildIndependentTargetsInParallel = 1;
				LastSwiftUpdateCheck = 1500;
				LastUpgradeCheck = 1500;
				TargetAttributes = {
					7AD9AAB82D2C14A50095336E = {
						CreatedOnToolsVersion = 15.0.1;
					};
				};
			};
			buildConfigurationList = 7AD9AAB42D2C14A50095336E /* Build configuration list for PBXProject "SwiftUI StarterPack" */;
			compatibilityVersion = "Xcode 14.0";
			developmentRegion = en;
			hasScannedForEncodings = 0;
			knownRegions = (
				en,
				Base,
			);
			mainGroup = 7AD9AAB02D2C14A50095336E;
			productRefGroup = 7AD9AABA2D2C14A50095336E /* Products */;
			projectDirPath = "";
			projectRoot = "";
			targets = (
				7AD9AAB82D2C14A50095336E /* SwiftUI StarterPack */,
			);
		};
/* End PBXProject section */

/* Begin PBXResourcesBuildPhase section */
		7AD9AAB72D2C14A50095336E /* Resources */ = {
			isa = PBXResourcesBuildPhase;
			buildActionMask = 2147483647;
			files = (
				7AD9AAC42D2C14A70095336E /* Preview Assets.xcassets in Resources */,
				7AD9AAC12D2C14A70095336E /* Assets.xcassets in Resources */,
			);
			runOnlyForDeploymentPostprocessing = 0;
		};
/* End PBXResourcesBuildPhase section */

/* Begin PBXSourcesBuildPhase section */
		7AD9AAB52D2C14A50095336E /* Sources */ = {
			isa = PBXSourcesBuildPhase;
			buildActionMask = 2147483647;
			files = (
				7AD9AAE92D2D78800095336E /* RefactorView.swift in Sources */,
				7AD9AACB2D2C16ED0095336E /* TextView.swift in Sources */,
				7AD9AAE12D2C8F7E0095336E /* ScrollView.swift in Sources */,
				7AD9AADF2D2C8C640095336E /* SpacerView.swift in Sources */,
				7AD9AAE72D2D714B0095336E /* ButtonView.swift in Sources */,
				7AD9AABF2D2C14A50095336E /* ContentView.swift in Sources */,
				7AD9AADD2D2C80DC0095336E /* PaddingView.swift in Sources */,
				7AD9AAD12D2C2A300095336E /* GradientView.swift in Sources */,
				7AD9AAD92D2C4CE30095336E /* BackGroundAndOverlayView.swift in Sources */,
				7AD9AAD72D2C34A50095336E /* FrameView.swift in Sources */,
				7AD9AACD2D2C19F50095336E /* ShapeView.swift in Sources */,
				7AD9AAD52D2C304D0095336E /* ImagesView.swift in Sources */,
				7AD9AADB2D2C7E050095336E /* StacksView.swift in Sources */,
				7AD9AABD2D2C14A50095336E /* SwiftUI_StarterPackApp.swift in Sources */,
				7AD9AAD32D2C2CF00095336E /* IconsView.swift in Sources */,
				7AD9AAE32D2D4B710095336E /* GridView.swift in Sources */,
				7AD9AACF2D2C27EF0095336E /* ColorView.swift in Sources */,
			);
			runOnlyForDeploymentPostprocessing = 0;
		};
/* End PBXSourcesBuildPhase section */

/* Begin XCBuildConfiguration section */
		7AD9AAC52D2C14A70095336E /* Debug */ = {
			isa = XCBuildConfiguration;
			buildSettings = {
				ALWAYS_SEARCH_USER_PATHS = NO;
				ASSETCATALOG_COMPILER_GENERATE_SWIFT_ASSET_SYMBOL_EXTENSIONS = YES;
				CLANG_ANALYZER_NONNULL = YES;
				CLANG_ANALYZER_NUMBER_OBJECT_CONVERSION = YES_AGGRESSIVE;
				CLANG_CXX_LANGUAGE_STANDARD = "gnu++20";
				CLANG_ENABLE_MODULES = YES;
				CLANG_ENABLE_OBJC_ARC = YES;
				CLANG_ENABLE_OBJC_WEAK = YES;
				CLANG_WARN_BLOCK_CAPTURE_AUTORELEASING = YES;
				CLANG_WARN_BOOL_CONVERSION = YES;
				CLANG_WARN_COMMA = YES;
				CLANG_WARN_CONSTANT_CONVERSION = YES;
				CLANG_WARN_DEPRECATED_OBJC_IMPLEMENTATIONS = YES;
				CLANG_WARN_DIRECT_OBJC_ISA_USAGE = YES_ERROR;
				CLANG_WARN_DOCUMENTATION_COMMENTS = YES;
				CLANG_WARN_EMPTY_BODY = YES;
				CLANG_WARN_ENUM_CONVERSION = YES;
				CLANG_WARN_INFINITE_RECURSION = YES;
				CLANG_WARN_INT_CONVERSION = YES;
				CLANG_WARN_NON_LITERAL_NULL_CONVERSION = YES;
				CLANG_WARN_OBJC_IMPLICIT_RETAIN_SELF = YES;
				CLANG_WARN_OBJC_LITERAL_CONVERSION = YES;
				CLANG_WARN_OBJC_ROOT_CLASS = YES_ERROR;
				CLANG_WARN_QUOTED_INCLUDE_IN_FRAMEWORK_HEADER = YES;
				CLANG_WARN_RANGE_LOOP_ANALYSIS = YES;
				CLANG_WARN_STRICT_PROTOTYPES = YES;
				CLANG_WARN_SUSPICIOUS_MOVE = YES;
				CLANG_WARN_UNGUARDED_AVAILABILITY = YES_AGGRESSIVE;
				CLANG_WARN_UNREACHABLE_CODE = YES;
				CLANG_WARN__DUPLICATE_METHOD_MATCH = YES;
				COPY_PHASE_STRIP = NO;
				DEBUG_INFORMATION_FORMAT = dwarf;
				ENABLE_STRICT_OBJC_MSGSEND = YES;
				ENABLE_TESTABILITY = YES;
				ENABLE_USER_SCRIPT_SANDBOXING = YES;
				GCC_C_LANGUAGE_STANDARD = gnu17;
				GCC_DYNAMIC_NO_PIC = NO;
				GCC_NO_COMMON_BLOCKS = YES;
				GCC_OPTIMIZATION_LEVEL = 0;
				GCC_PREPROCESSOR_DEFINITIONS = (
					"DEBUG=1",
					"$(inherited)",
				);
				GCC_WARN_64_TO_32_BIT_CONVERSION = YES;
				GCC_WARN_ABOUT_RETURN_TYPE = YES_ERROR;
				GCC_WARN_UNDECLARED_SELECTOR = YES;
				GCC_WARN_UNINITIALIZED_AUTOS = YES_AGGRESSIVE;
				GCC_WARN_UNUSED_FUNCTION = YES;
				GCC_WARN_UNUSED_VARIABLE = YES;
				IPHONEOS_DEPLOYMENT_TARGET = 17.0;
				LOCALIZATION_PREFERS_STRING_CATALOGS = YES;
				MTL_ENABLE_DEBUG_INFO = INCLUDE_SOURCE;
				MTL_FAST_MATH = YES;
				ONLY_ACTIVE_ARCH = YES;
				SDKROOT = iphoneos;
				SWIFT_ACTIVE_COMPILATION_CONDITIONS = "DEBUG $(inherited)";
				SWIFT_OPTIMIZATION_LEVEL = "-Onone";
			};
			name = Debug;
		};
		7AD9AAC62D2C14A70095336E /* Release */ = {
			isa = XCBuildConfiguration;
			buildSettings = {
				ALWAYS_SEARCH_USER_PATHS = NO;
				ASSETCATALOG_COMPILER_GENERATE_SWIFT_ASSET_SYMBOL_EXTENSIONS = YES;
				CLANG_ANALYZER_NONNULL = YES;
				CLANG_ANALYZER_NUMBER_OBJECT_CONVERSION = YES_AGGRESSIVE;
				CLANG_CXX_LANGUAGE_STANDARD = "gnu++20";
				CLANG_ENABLE_MODULES = YES;
				CLANG_ENABLE_OBJC_ARC = YES;
				CLANG_ENABLE_OBJC_WEAK = YES;
				CLANG_WARN_BLOCK_CAPTURE_AUTORELEASING = YES;
				CLANG_WARN_BOOL_CONVERSION = YES;
				CLANG_WARN_COMMA = YES;
				CLANG_WARN_CONSTANT_CONVERSION = YES;
				CLANG_WARN_DEPRECATED_OBJC_IMPLEMENTATIONS = YES;
				CLANG_WARN_DIRECT_OBJC_ISA_USAGE = YES_ERROR;
				CLANG_WARN_DOCUMENTATION_COMMENTS = YES;
				CLANG_WARN_EMPTY_BODY = YES;
				CLANG_WARN_ENUM_CONVERSION = YES;
				CLANG_WARN_INFINITE_RECURSION = YES;
				CLANG_WARN_INT_CONVERSION = YES;
				CLANG_WARN_NON_LITERAL_NULL_CONVERSION = YES;
				CLANG_WARN_OBJC_IMPLICIT_RETAIN_SELF = YES;
				CLANG_WARN_OBJC_LITERAL_CONVERSION = YES;
				CLANG_WARN_OBJC_ROOT_CLASS = YES_ERROR;
				CLANG_WARN_QUOTED_INCLUDE_IN_FRAMEWORK_HEADER = YES;
				CLANG_WARN_RANGE_LOOP_ANALYSIS = YES;
				CLANG_WARN_STRICT_PROTOTYPES = YES;
				CLANG_WARN_SUSPICIOUS_MOVE = YES;
				CLANG_WARN_UNGUARDED_AVAILABILITY = YES_AGGRESSIVE;
				CLANG_WARN_UNREACHABLE_CODE = YES;
				CLANG_WARN__DUPLICATE_METHOD_MATCH = YES;
				COPY_PHASE_STRIP = NO;
				DEBUG_INFORMATION_FORMAT = "dwarf-with-dsym";
				ENABLE_NS_ASSERTIONS = NO;
				ENABLE_STRICT_OBJC_MSGSEND = YES;
				ENABLE_USER_SCRIPT_SANDBOXING = YES;
				GCC_C_LANGUAGE_STANDARD = gnu17;
				GCC_NO_COMMON_BLOCKS = YES;
				GCC_WARN_64_TO_32_BIT_CONVERSION = YES;
				GCC_WARN_ABOUT_RETURN_TYPE = YES_ERROR;
				GCC_WARN_UNDECLARED_SELECTOR = YES;
				GCC_WARN_UNINITIALIZED_AUTOS = YES_AGGRESSIVE;
				GCC_WARN_UNUSED_FUNCTION = YES;
				GCC_WARN_UNUSED_VARIABLE = YES;
				IPHONEOS_DEPLOYMENT_TARGET = 17.0;
				LOCALIZATION_PREFERS_STRING_CATALOGS = YES;
				MTL_ENABLE_DEBUG_INFO = NO;
				MTL_FAST_MATH = YES;
				SDKROOT = iphoneos;
				SWIFT_COMPILATION_MODE = wholemodule;
				VALIDATE_PRODUCT = YES;
			};
			name = Release;
		};
		7AD9AAC82D2C14A70095336E /* Debug */ = {
			isa = XCBuildConfiguration;
			buildSettings = {
				ASSETCATALOG_COMPILER_APPICON_NAME = AppIcon;
				ASSETCATALOG_COMPILER_GLOBAL_ACCENT_COLOR_NAME = AccentColor;
				CODE_SIGN_STYLE = Automatic;
				CURRENT_PROJECT_VERSION = 1;
				DEVELOPMENT_ASSET_PATHS = "\"SwiftUI StarterPack/Preview Content\"";
				DEVELOPMENT_TEAM = HH224W24B5;
				ENABLE_PREVIEWS = YES;
				GENERATE_INFOPLIST_FILE = YES;
				INFOPLIST_KEY_UIApplicationSceneManifest_Generation = YES;
				INFOPLIST_KEY_UIApplicationSupportsIndirectInputEvents = YES;
				INFOPLIST_KEY_UILaunchScreen_Generation = YES;
				INFOPLIST_KEY_UISupportedInterfaceOrientations_iPad = "UIInterfaceOrientationPortrait UIInterfaceOrientationPortraitUpsideDown UIInterfaceOrientationLandscapeLeft UIInterfaceOrientationLandscapeRight";
				INFOPLIST_KEY_UISupportedInterfaceOrientations_iPhone = "UIInterfaceOrientationPortrait UIInterfaceOrientationLandscapeLeft UIInterfaceOrientationLandscapeRight";
				LD_RUNPATH_SEARCH_PATHS = (
					"$(inherited)",
					"@executable_path/Frameworks",
				);
				MARKETING_VERSION = 1.0;
				PRODUCT_BUNDLE_IDENTIFIER = "com.osama.SwiftUI-StarterPack";
				PRODUCT_NAME = "$(TARGET_NAME)";
				SWIFT_EMIT_LOC_STRINGS = YES;
				SWIFT_VERSION = 5.0;
				TARGETED_DEVICE_FAMILY = "1,2";
			};
			name = Debug;
		};
		7AD9AAC92D2C14A70095336E /* Release */ = {
			isa = XCBuildConfiguration;
			buildSettings = {
				ASSETCATALOG_COMPILER_APPICON_NAME = AppIcon;
				ASSETCATALOG_COMPILER_GLOBAL_ACCENT_COLOR_NAME = AccentColor;
				CODE_SIGN_STYLE = Automatic;
				CURRENT_PROJECT_VERSION = 1;
				DEVELOPMENT_ASSET_PATHS = "\"SwiftUI StarterPack/Preview Content\"";
				DEVELOPMENT_TEAM = HH224W24B5;
				ENABLE_PREVIEWS = YES;
				GENERATE_INFOPLIST_FILE = YES;
				INFOPLIST_KEY_UIApplicationSceneManifest_Generation = YES;
				INFOPLIST_KEY_UIApplicationSupportsIndirectInputEvents = YES;
				INFOPLIST_KEY_UILaunchScreen_Generation = YES;
				INFOPLIST_KEY_UISupportedInterfaceOrientations_iPad = "UIInterfaceOrientationPortrait UIInterfaceOrientationPortraitUpsideDown UIInterfaceOrientationLandscapeLeft UIInterfaceOrientationLandscapeRight";
				INFOPLIST_KEY_UISupportedInterfaceOrientations_iPhone = "UIInterfaceOrientationPortrait UIInterfaceOrientationLandscapeLeft UIInterfaceOrientationLandscapeRight";
				LD_RUNPATH_SEARCH_PATHS = (
					"$(inherited)",
					"@executable_path/Frameworks",
				);
				MARKETING_VERSION = 1.0;
				PRODUCT_BUNDLE_IDENTIFIER = "com.osama.SwiftUI-StarterPack";
				PRODUCT_NAME = "$(TARGET_NAME)";
				SWIFT_EMIT_LOC_STRINGS = YES;
				SWIFT_VERSION = 5.0;
				TARGETED_DEVICE_FAMILY = "1,2";
			};
			name = Release;
		};
/* End XCBuildConfiguration section */

/* Begin XCConfigurationList section */
		7AD9AAB42D2C14A50095336E /* Build configuration list for PBXProject "SwiftUI StarterPack" */ = {
			isa = XCConfigurationList;
			buildConfigurations = (
				7AD9AAC52D2C14A70095336E /* Debug */,
				7AD9AAC62D2C14A70095336E /* Release */,
			);
			defaultConfigurationIsVisible = 0;
			defaultConfigurationName = Release;
		};
		7AD9AAC72D2C14A70095336E /* Build configuration list for PBXNativeTarget "SwiftUI StarterPack" */ = {
			isa = XCConfigurationList;
			buildConfigurations = (
				7AD9AAC82D2C14A70095336E /* Debug */,
				7AD9AAC92D2C14A70095336E /* Release */,
			);
			defaultConfigurationIsVisible = 0;
			defaultConfigurationName = Release;
		};
/* End XCConfigurationList section */
	};
	rootObject = 7AD9AAB12D2C14A50095336E /* Project object */;
}
